
Microsoft Visual Studio Solution File, Format Version 12.00
# Visual Studio 14
VisualStudioVersion = 14.0.25420.1
MinimumVisualStudioVersion = 10.0.40219.1
Project("{FAE04EC0-301F-11D3-BF4B-00C04F79EFBC}") = "syseng_back.Web", "syseng_back.Web\syseng_back.Web.csproj", "{7841BFD0-7FA2-4B72-877F-A5652AE32332}"
EndProject
Project("{FAE04EC0-301F-11D3-BF4B-00C04F79EFBC}") = "syseng_back.DAL", "syseng_back.DAL\syseng_back.DAL.csproj", "{F96FDF04-79E3-4820-82FD-12ACB0DD0890}"
EndProject
Project("{FAE04EC0-301F-11D3-BF4B-00C04F79EFBC}") = "syseng_back.BLL", "syseng_back.BLL\syseng_back.BLL.csproj", "{3AC5B71C-2C24-44F5-8603-2E733728BDC8}"
EndProject
Global
	GlobalSection(SolutionConfigurationPlatforms) = preSolution
		Debug|Any CPU = Debug|Any CPU
		Release|Any CPU = Release|Any CPU
	EndGlobalSection
	GlobalSection(ProjectConfigurationPlatforms) = postSolution
		{7841BFD0-7FA2-4B72-877F-A5652AE32332}.Debug|Any CPU.ActiveCfg = Debug|Any CPU
		{7841BFD0-7FA2-4B72-877F-A5652AE32332}.Debug|Any CPU.Build.0 = Debug|Any CPU
		{7841BFD0-7FA2-4B72-877F-A5652AE32332}.Release|Any CPU.ActiveCfg = Release|Any CPU
		{7841BFD0-7FA2-4B72-877F-A5652AE32332}.Release|Any CPU.Build.0 = Release|Any CPU
		{F96FDF04-79E3-4820-82FD-12ACB0DD0890}.Debug|Any CPU.ActiveCfg = Debug|Any CPU
		{F96FDF04-79E3-4820-82FD-12ACB0DD0890}.Debug|Any CPU.Build.0 = Debug|Any CPU
		{F96FDF04-79E3-4820-82FD-12ACB0DD0890}.Release|Any CPU.ActiveCfg = Release|Any CPU
		{F96FDF04-79E3-4820-82FD-12ACB0DD0890}.Release|Any CPU.Build.0 = Release|Any CPU
		{3AC5B71C-2C24-44F5-8603-2E733728BDC8}.Debug|Any CPU.ActiveCfg = Debug|Any CPU
		{3AC5B71C-2C24-44F5-8603-2E733728BDC8}.Debug|Any CPU.Build.0 = Debug|Any CPU
		{3AC5B71C-2C24-44F5-8603-2E733728BDC8}.Release|Any CPU.ActiveCfg = Release|Any CPU
		{3AC5B71C-2C24-44F5-8603-2E733728BDC8}.Release|Any CPU.Build.0 = Release|Any CPU
	EndGlobalSection
	GlobalSection(SolutionProperties) = preSolution
		HideSolutionNode = FALSE
	EndGlobalSection
EndGlobal
